
Microsoft Visual Studio Solution File, Format Version 12.00
# Visual Studio Version 17
VisualStudioVersion = 17.2.32616.157
MinimumVisualStudioVersion = 10.0.40219.1
Project("{FAE04EC0-301F-11D3-BF4B-00C04F79EFBC}") = "DotNetBlog", "DotNetBlog.csproj", "{DA9B2A73-F192-4921-BCBD-408D0E7F2FCB}"
EndProject
Global
	GlobalSection(SolutionConfigurationPlatforms) = preSolution
		Debug|Any CPU = Debug|Any CPU
		Release|Any CPU = Release|Any CPU
	EndGlobalSection
	GlobalSection(ProjectConfigurationPlatforms) = postSolution
		{DA9B2A73-F192-4921-BCBD-408D0E7F2FCB}.Debug|Any CPU.ActiveCfg = Debug|Any CPU
		{DA9B2A73-F192-4921-BCBD-408D0E7F2FCB}.Debug|Any CPU.Build.0 = Debug|Any CPU
		{DA9B2A73-F192-4921-BCBD-408D0E7F2FCB}.Release|Any CPU.ActiveCfg = Release|Any CPU
		{DA9B2A73-F192-4921-BCBD-408D0E7F2FCB}.Release|Any CPU.Build.0 = Release|Any CPU
	EndGlobalSection
	GlobalSection(SolutionProperties) = preSolution
		HideSolutionNode = FALSE
	EndGlobalSection
	GlobalSection(ExtensibilityGlobals) = postSolution
		SolutionGuid = {8B2B44A4-65CC-48CB-B787-A731FE165F0F}
	EndGlobalSection
EndGlobal
